
Microsoft Visual Studio Solution File, Format Version 12.00
# Visual Studio Version 17
VisualStudioVersion = 17.3.32901.215
MinimumVisualStudioVersion = 10.0.40219.1
Project("{FAE04EC0-301F-11D3-BF4B-00C04F79EFBC}") = "SkiaSharpBarrage", "SkiaSharpBarrage\SkiaSharpBarrage.csproj", "{9DAD0279-A756-4CFD-AE54-A262342B8069}"
EndProject
Global
	GlobalSection(SolutionConfigurationPlatforms) = preSolution
		Debug|Any CPU = Debug|Any CPU
		Release|Any CPU = Release|Any CPU
	EndGlobalSection
	GlobalSection(ProjectConfigurationPlatforms) = postSolution
		{9DAD0279-A756-4CFD-AE54-A262342B8069}.Debug|Any CPU.ActiveCfg = Debug|Any CPU
		{9DAD0279-A756-4CFD-AE54-A262342B8069}.Debug|Any CPU.Build.0 = Debug|Any CPU
		{9DAD0279-A756-4CFD-AE54-A262342B8069}.Release|Any CPU.ActiveCfg = Release|Any CPU
		{9DAD0279-A756-4CFD-AE54-A262342B8069}.Release|Any CPU.Build.0 = Release|Any CPU
	EndGlobalSection
	GlobalSection(SolutionProperties) = preSolution
		HideSolutionNode = FALSE
	EndGlobalSection
	GlobalSection(ExtensibilityGlobals) = postSolution
		SolutionGuid = {85CE4154-E36E-4303-A82E-E312EC4B596D}
	EndGlobalSection
EndGlobal
